
Microsoft Visual Studio Solution File, Format Version 12.00
# Visual Studio Version 16
VisualStudioVersion = 16.0.29009.5
MinimumVisualStudioVersion = 10.0.40219.1
Project("{FAE04EC0-301F-11D3-BF4B-00C04F79EFBC}") = "MattCallawayFinalProject", "MattCallawayFinalProject\MattCallawayFinalProject.csproj", "{CFE9A0EE-D59E-40AC-9A02-ED792772D893}"
EndProject
Global
	GlobalSection(SolutionConfigurationPlatforms) = preSolution
		Debug|Any CPU = Debug|Any CPU
		Release|Any CPU = Release|Any CPU
	EndGlobalSection
	GlobalSection(ProjectConfigurationPlatforms) = postSolution
		{CFE9A0EE-D59E-40AC-9A02-ED792772D893}.Debug|Any CPU.ActiveCfg = Debug|Any CPU
		{CFE9A0EE-D59E-40AC-9A02-ED792772D893}.Debug|Any CPU.Build.0 = Debug|Any CPU
		{CFE9A0EE-D59E-40AC-9A02-ED792772D893}.Release|Any CPU.ActiveCfg = Release|Any CPU
		{CFE9A0EE-D59E-40AC-9A02-ED792772D893}.Release|Any CPU.Build.0 = Release|Any CPU
	EndGlobalSection
	GlobalSection(SolutionProperties) = preSolution
		HideSolutionNode = FALSE
	EndGlobalSection
	GlobalSection(ExtensibilityGlobals) = postSolution
		SolutionGuid = {9D4807A0-7C7B-4B54-94DC-E546B927A4F2}
	EndGlobalSection
EndGlobal
